
Microsoft Visual Studio Solution File, Format Version 12.00
# Visual Studio Version 17
VisualStudioVersion = 17.5.33627.172
MinimumVisualStudioVersion = 10.0.40219.1
Project("{2150E333-8FDC-42A3-9474-1A3956D46DE8}") = "src", "src", "{12F04936-DD1B-43AF-B598-C621F4993297}"
EndProject
Project("{2150E333-8FDC-42A3-9474-1A3956D46DE8}") = "tests", "tests", "{350C8CAB-6839-4D9A-ADB1-5A34C0618C50}"
EndProject
Project("{9A19103F-16F7-4668-BE54-9A1E7A4F7556}") = "EthSmartContractIO", "src\EthSmartContractIO\EthSmartContractIO.csproj", "{1B3CEE6E-D82D-431B-9E5A-73421A7B9D86}"
EndProject
Project("{9A19103F-16F7-4668-BE54-9A1E7A4F7556}") = "EthSmartContractIO.AccountProvider", "src\EthSmartContractIO.AccountProvider\EthSmartContractIO.AccountProvider.csproj", "{B7A697B4-5997-424B-A087-30C7F0777FBE}"
EndProject
Project("{9A19103F-16F7-4668-BE54-9A1E7A4F7556}") = "EthSmartContractIO.SecretsProvider", "src\EthSmartContractIO.SecretsProvider\EthSmartContractIO.SecretsProvider.csproj", "{4D4FA44D-CEC7-4500-9575-2E20148E6250}"
EndProject
Project("{9A19103F-16F7-4668-BE54-9A1E7A4F7556}") = "EthSmartContractIO.Tests", "tests\EthSmartContractIO.Tests\EthSmartContractIO.Tests.csproj", "{F8BFEB0A-ED8A-49C6-AEF8-6AC6C1C852B9}"
EndProject
Project("{9A19103F-16F7-4668-BE54-9A1E7A4F7556}") = "EthSmartContractIO.SecretsProvider.Tests", "tests\EthSmartContractIO.SecretsProvider.Tests\EthSmartContractIO.SecretsProvider.Tests.csproj", "{ED68706A-018E-451A-B79D-AD6EEB6D7176}"
EndProject
Project("{9A19103F-16F7-4668-BE54-9A1E7A4F7556}") = "EthSmartContractIO.AccountProvider.Tests", "tests\EthSmartContractIO.AccountProvider.Tests\EthSmartContractIO.AccountProvider.Tests.csproj", "{B1733887-0630-4980-87DF-0BB8AECF6E05}"
EndProject
Project("{2150E333-8FDC-42A3-9474-1A3956D46DE8}") = "benchmark", "benchmark", "{D817E6AA-52DD-4D71-A01E-2343041AD467}"
EndProject
Project("{FAE04EC0-301F-11D3-BF4B-00C04F79EFBC}") = "EthSmartContractIO.Benchmark", "benchmark\EthSmartContractIO.Benchmark\EthSmartContractIO.Benchmark.csproj", "{5C5D8C8D-DE55-45D1-B160-69E911559D79}"
EndProject
Global
	GlobalSection(SolutionConfigurationPlatforms) = preSolution
		Debug|Any CPU = Debug|Any CPU
		Release|Any CPU = Release|Any CPU
	EndGlobalSection
	GlobalSection(ProjectConfigurationPlatforms) = postSolution
		{1B3CEE6E-D82D-431B-9E5A-73421A7B9D86}.Debug|Any CPU.ActiveCfg = Debug|Any CPU
		{1B3CEE6E-D82D-431B-9E5A-73421A7B9D86}.Debug|Any CPU.Build.0 = Debug|Any CPU
		{1B3CEE6E-D82D-431B-9E5A-73421A7B9D86}.Release|Any CPU.ActiveCfg = Release|Any CPU
		{1B3CEE6E-D82D-431B-9E5A-73421A7B9D86}.Release|Any CPU.Build.0 = Release|Any CPU
		{B7A697B4-5997-424B-A087-30C7F0777FBE}.Debug|Any CPU.ActiveCfg = Debug|Any CPU
		{B7A697B4-5997-424B-A087-30C7F0777FBE}.Debug|Any CPU.Build.0 = Debug|Any CPU
		{B7A697B4-5997-424B-A087-30C7F0777FBE}.Release|Any CPU.ActiveCfg = Release|Any CPU
		{B7A697B4-5997-424B-A087-30C7F0777FBE}.Release|Any CPU.Build.0 = Release|Any CPU
		{4D4FA44D-CEC7-4500-9575-2E20148E6250}.Debug|Any CPU.ActiveCfg = Debug|Any CPU
		{4D4FA44D-CEC7-4500-9575-2E20148E6250}.Debug|Any CPU.Build.0 = Debug|Any CPU
		{4D4FA44D-CEC7-4500-9575-2E20148E6250}.Release|Any CPU.ActiveCfg = Release|Any CPU
		{4D4FA44D-CEC7-4500-9575-2E20148E6250}.Release|Any CPU.Build.0 = Release|Any CPU
		{F8BFEB0A-ED8A-49C6-AEF8-6AC6C1C852B9}.Debug|Any CPU.ActiveCfg = Debug|Any CPU
		{F8BFEB0A-ED8A-49C6-AEF8-6AC6C1C852B9}.Debug|Any CPU.Build.0 = Debug|Any CPU
		{F8BFEB0A-ED8A-49C6-AEF8-6AC6C1C852B9}.Release|Any CPU.ActiveCfg = Release|Any CPU
		{F8BFEB0A-ED8A-49C6-AEF8-6AC6C1C852B9}.Release|Any CPU.Build.0 = Release|Any CPU
		{ED68706A-018E-451A-B79D-AD6EEB6D7176}.Debug|Any CPU.ActiveCfg = Debug|Any CPU
		{ED68706A-018E-451A-B79D-AD6EEB6D7176}.Debug|Any CPU.Build.0 = Debug|Any CPU
		{ED68706A-018E-451A-B79D-AD6EEB6D7176}.Release|Any CPU.ActiveCfg = Release|Any CPU
		{ED68706A-018E-451A-B79D-AD6EEB6D7176}.Release|Any CPU.Build.0 = Release|Any CPU
		{B1733887-0630-4980-87DF-0BB8AECF6E05}.Debug|Any CPU.ActiveCfg = Debug|Any CPU
		{B1733887-0630-4980-87DF-0BB8AECF6E05}.Debug|Any CPU.Build.0 = Debug|Any CPU
		{B1733887-0630-4980-87DF-0BB8AECF6E05}.Release|Any CPU.ActiveCfg = Release|Any CPU
		{B1733887-0630-4980-87DF-0BB8AECF6E05}.Release|Any CPU.Build.0 = Release|Any CPU
		{5C5D8C8D-DE55-45D1-B160-69E911559D79}.Debug|Any CPU.ActiveCfg = Debug|Any CPU
		{5C5D8C8D-DE55-45D1-B160-69E911559D79}.Debug|Any CPU.Build.0 = Debug|Any CPU
		{5C5D8C8D-DE55-45D1-B160-69E911559D79}.Release|Any CPU.ActiveCfg = Release|Any CPU
		{5C5D8C8D-DE55-45D1-B160-69E911559D79}.Release|Any CPU.Build.0 = Release|Any CPU
	EndGlobalSection
	GlobalSection(SolutionProperties) = preSolution
		HideSolutionNode = FALSE
	EndGlobalSection
	GlobalSection(NestedProjects) = preSolution
		{1B3CEE6E-D82D-431B-9E5A-73421A7B9D86} = {12F04936-DD1B-43AF-B598-C621F4993297}
		{B7A697B4-5997-424B-A087-30C7F0777FBE} = {12F04936-DD1B-43AF-B598-C621F4993297}
		{4D4FA44D-CEC7-4500-9575-2E20148E6250} = {12F04936-DD1B-43AF-B598-C621F4993297}
		{F8BFEB0A-ED8A-49C6-AEF8-6AC6C1C852B9} = {350C8CAB-6839-4D9A-ADB1-5A34C0618C50}
		{ED68706A-018E-451A-B79D-AD6EEB6D7176} = {350C8CAB-6839-4D9A-ADB1-5A34C0618C50}
		{B1733887-0630-4980-87DF-0BB8AECF6E05} = {350C8CAB-6839-4D9A-ADB1-5A34C0618C50}
		{5C5D8C8D-DE55-45D1-B160-69E911559D79} = {D817E6AA-52DD-4D71-A01E-2343041AD467}
	EndGlobalSection
	GlobalSection(ExtensibilityGlobals) = postSolution
		SolutionGuid = {DD146413-3E44-4442-A2A3-F9139D4C8ACD}
	EndGlobalSection
EndGlobal
