
Microsoft Visual Studio Solution File, Format Version 12.00
# Visual Studio Version 17
VisualStudioVersion = 17.5.33627.172
MinimumVisualStudioVersion = 10.0.40219.1
Project("{2150E333-8FDC-42A3-9474-1A3956D46DE8}") = "src", "src", "{12F04936-DD1B-43AF-B598-C621F4993297}"
EndProject
Project("{2150E333-8FDC-42A3-9474-1A3956D46DE8}") = "tests", "tests", "{350C8CAB-6839-4D9A-ADB1-5A34C0618C50}"
EndProject
Project("{9A19103F-16F7-4668-BE54-9A1E7A4F7556}") = "RPC.Core", "src\RPC.Core\RPC.Core.csproj", "{2239CE1E-1567-4762-A247-7492B6021678}"
EndProject
Project("{9A19103F-16F7-4668-BE54-9A1E7A4F7556}") = "RPC.Core.Tests", "tests\RPC.Core.Tests\RPC.Core.Tests.csproj", "{91B41160-0AAA-481E-A003-CF231DC86B6A}"
EndProject
Project("{FAE04EC0-301F-11D3-BF4B-00C04F79EFBC}") = "SmartContractIO.AccountProvider", "src\SmartContractIO.AccountProvider\SmartContractIO.AccountProvider.csproj", "{E62435A9-1B0D-42D0-A97E-E2282F182D22}"
EndProject
Project("{FAE04EC0-301F-11D3-BF4B-00C04F79EFBC}") = "SmartContractIO.AccountProvider.Tests", "tests\SmartContractIO.AccountProvider.Tests\SmartContractIO.AccountProvider.Tests.csproj", "{B9995AB4-BDBB-4240-9991-69AE3CD8640A}"
EndProject
Global
	GlobalSection(SolutionConfigurationPlatforms) = preSolution
		Debug|Any CPU = Debug|Any CPU
		Release|Any CPU = Release|Any CPU
	EndGlobalSection
	GlobalSection(ProjectConfigurationPlatforms) = postSolution
		{2239CE1E-1567-4762-A247-7492B6021678}.Debug|Any CPU.ActiveCfg = Debug|Any CPU
		{2239CE1E-1567-4762-A247-7492B6021678}.Debug|Any CPU.Build.0 = Debug|Any CPU
		{2239CE1E-1567-4762-A247-7492B6021678}.Release|Any CPU.ActiveCfg = Release|Any CPU
		{2239CE1E-1567-4762-A247-7492B6021678}.Release|Any CPU.Build.0 = Release|Any CPU
		{91B41160-0AAA-481E-A003-CF231DC86B6A}.Debug|Any CPU.ActiveCfg = Debug|Any CPU
		{91B41160-0AAA-481E-A003-CF231DC86B6A}.Debug|Any CPU.Build.0 = Debug|Any CPU
		{91B41160-0AAA-481E-A003-CF231DC86B6A}.Release|Any CPU.ActiveCfg = Release|Any CPU
		{91B41160-0AAA-481E-A003-CF231DC86B6A}.Release|Any CPU.Build.0 = Release|Any CPU
		{E62435A9-1B0D-42D0-A97E-E2282F182D22}.Debug|Any CPU.ActiveCfg = Debug|Any CPU
		{E62435A9-1B0D-42D0-A97E-E2282F182D22}.Debug|Any CPU.Build.0 = Debug|Any CPU
		{E62435A9-1B0D-42D0-A97E-E2282F182D22}.Release|Any CPU.ActiveCfg = Release|Any CPU
		{E62435A9-1B0D-42D0-A97E-E2282F182D22}.Release|Any CPU.Build.0 = Release|Any CPU
		{B9995AB4-BDBB-4240-9991-69AE3CD8640A}.Debug|Any CPU.ActiveCfg = Debug|Any CPU
		{B9995AB4-BDBB-4240-9991-69AE3CD8640A}.Debug|Any CPU.Build.0 = Debug|Any CPU
		{B9995AB4-BDBB-4240-9991-69AE3CD8640A}.Release|Any CPU.ActiveCfg = Release|Any CPU
		{B9995AB4-BDBB-4240-9991-69AE3CD8640A}.Release|Any CPU.Build.0 = Release|Any CPU
	EndGlobalSection
	GlobalSection(SolutionProperties) = preSolution
		HideSolutionNode = FALSE
	EndGlobalSection
	GlobalSection(NestedProjects) = preSolution
		{2239CE1E-1567-4762-A247-7492B6021678} = {12F04936-DD1B-43AF-B598-C621F4993297}
		{91B41160-0AAA-481E-A003-CF231DC86B6A} = {350C8CAB-6839-4D9A-ADB1-5A34C0618C50}
		{E62435A9-1B0D-42D0-A97E-E2282F182D22} = {12F04936-DD1B-43AF-B598-C621F4993297}
		{B9995AB4-BDBB-4240-9991-69AE3CD8640A} = {350C8CAB-6839-4D9A-ADB1-5A34C0618C50}
	EndGlobalSection
	GlobalSection(ExtensibilityGlobals) = postSolution
		SolutionGuid = {DD146413-3E44-4442-A2A3-F9139D4C8ACD}
	EndGlobalSection
EndGlobal
